
Microsoft Visual Studio Solution File, Format Version 12.00
# Visual Studio Version 17
VisualStudioVersion = 17.1.32210.238
MinimumVisualStudioVersion = 10.0.40219.1
Project("{2150E333-8FDC-42A3-9474-1A3956D46DE8}") = "CMakePredefinedTargets", "CMakePredefinedTargets", "{A62B2B22-3BD3-3FDD-B196-B8E790D0DAA2}"
EndProject
Project("{2150E333-8FDC-42A3-9474-1A3956D46DE8}") = "External", "External", "{D9F03B0B-8FCD-3EB8-A05C-091A9147BFF2}"
EndProject
Project("{2150E333-8FDC-42A3-9474-1A3956D46DE8}") = "Internal", "Internal", "{3D24E0A2-7237-37BC-8367-D885AA5478BF}"
EndProject
Project("{2150E333-8FDC-42A3-9474-1A3956D46DE8}") = "Utils", "Utils", "{D4286872-A4C6-3975-965F-18954C5EED5B}"
EndProject
Project("{8BC9CEB8-8B4A-11D0-8D11-00A0C91BC942}") = "MyCppGame", "MyCppGame.vcxproj", "{89136421-85A4-3DD1-84FD-B6C8FED44CC8}"
	ProjectSection(ProjectDependencies) = postProject
		{01A5D496-F5DE-35A5-A86E-519677623DA7} = {01A5D496-F5DE-35A5-A86E-519677623DA7}
		{48891C74-FB6E-3E49-B71F-6C32C825D61C} = {48891C74-FB6E-3E49-B71F-6C32C825D61C}
		{F61C97DF-852A-30C2-A7A5-5DA97FD958AC} = {F61C97DF-852A-30C2-A7A5-5DA97FD958AC}
		{A9DEF6F0-AD9F-3348-8A0C-84E8F3410D11} = {A9DEF6F0-AD9F-3348-8A0C-84E8F3410D11}
		{BBFD2854-2FA4-39C6-8719-19EECFF0B00D} = {BBFD2854-2FA4-39C6-8719-19EECFF0B00D}
		{18A896FC-2EFF-3E54-85DC-889FE81EBC2B} = {18A896FC-2EFF-3E54-85DC-889FE81EBC2B}
		{980D65C7-3FF9-3E3B-978E-6EBC7B3253D1} = {980D65C7-3FF9-3E3B-978E-6EBC7B3253D1}
		{0415F4B8-A280-3EF5-A55A-DBC5636F1C2A} = {0415F4B8-A280-3EF5-A55A-DBC5636F1C2A}
		{927900E7-390F-3B54-A3A4-3A62F012122B} = {927900E7-390F-3B54-A3A4-3A62F012122B}
		{8D943E87-3285-38D1-9405-8D13B202D103} = {8D943E87-3285-38D1-9405-8D13B202D103}
		{14AEFB44-A062-3076-A2A7-C74965C901DC} = {14AEFB44-A062-3076-A2A7-C74965C901DC}
		{CAD1EBC9-4971-38A5-91E8-B7ACA4A4F281} = {CAD1EBC9-4971-38A5-91E8-B7ACA4A4F281}
		{FABF8DFF-C17F-3927-A538-6ECA7F0E39CD} = {FABF8DFF-C17F-3927-A538-6ECA7F0E39CD}
		{522A5EFB-CE58-3350-AA68-8DEE20BF83F4} = {522A5EFB-CE58-3350-AA68-8DEE20BF83F4}
	EndProjectSection
EndProject
Project("{8BC9CEB8-8B4A-11D0-8D11-00A0C91BC942}") = "SYNC_RESOURCE-MyCppGame", "SYNC_RESOURCE-MyCppGame.vcxproj", "{01A5D496-F5DE-35A5-A86E-519677623DA7}"
	ProjectSection(ProjectDependencies) = postProject
		{48891C74-FB6E-3E49-B71F-6C32C825D61C} = {48891C74-FB6E-3E49-B71F-6C32C825D61C}
	EndProjectSection
EndProject
Project("{8BC9CEB8-8B4A-11D0-8D11-00A0C91BC942}") = "ZERO_CHECK", "ZERO_CHECK.vcxproj", "{48891C74-FB6E-3E49-B71F-6C32C825D61C}"
EndProject
Project("{8BC9CEB8-8B4A-11D0-8D11-00A0C91BC942}") = "cocos2d", "engine\cocos\core\cocos2d.vcxproj", "{F61C97DF-852A-30C2-A7A5-5DA97FD958AC}"
	ProjectSection(ProjectDependencies) = postProject
		{48891C74-FB6E-3E49-B71F-6C32C825D61C} = {48891C74-FB6E-3E49-B71F-6C32C825D61C}
		{A9DEF6F0-AD9F-3348-8A0C-84E8F3410D11} = {A9DEF6F0-AD9F-3348-8A0C-84E8F3410D11}
		{BBFD2854-2FA4-39C6-8719-19EECFF0B00D} = {BBFD2854-2FA4-39C6-8719-19EECFF0B00D}
		{18A896FC-2EFF-3E54-85DC-889FE81EBC2B} = {18A896FC-2EFF-3E54-85DC-889FE81EBC2B}
		{980D65C7-3FF9-3E3B-978E-6EBC7B3253D1} = {980D65C7-3FF9-3E3B-978E-6EBC7B3253D1}
		{0415F4B8-A280-3EF5-A55A-DBC5636F1C2A} = {0415F4B8-A280-3EF5-A55A-DBC5636F1C2A}
		{927900E7-390F-3B54-A3A4-3A62F012122B} = {927900E7-390F-3B54-A3A4-3A62F012122B}
		{8D943E87-3285-38D1-9405-8D13B202D103} = {8D943E87-3285-38D1-9405-8D13B202D103}
		{14AEFB44-A062-3076-A2A7-C74965C901DC} = {14AEFB44-A062-3076-A2A7-C74965C901DC}
		{CAD1EBC9-4971-38A5-91E8-B7ACA4A4F281} = {CAD1EBC9-4971-38A5-91E8-B7ACA4A4F281}
		{FABF8DFF-C17F-3927-A538-6ECA7F0E39CD} = {FABF8DFF-C17F-3927-A538-6ECA7F0E39CD}
		{522A5EFB-CE58-3350-AA68-8DEE20BF83F4} = {522A5EFB-CE58-3350-AA68-8DEE20BF83F4}
	EndProjectSection
EndProject
Project("{8BC9CEB8-8B4A-11D0-8D11-00A0C91BC942}") = "ext_clipper", "engine\external\clipper\ext_clipper.vcxproj", "{A9DEF6F0-AD9F-3348-8A0C-84E8F3410D11}"
	ProjectSection(ProjectDependencies) = postProject
		{48891C74-FB6E-3E49-B71F-6C32C825D61C} = {48891C74-FB6E-3E49-B71F-6C32C825D61C}
	EndProjectSection
EndProject
Project("{8BC9CEB8-8B4A-11D0-8D11-00A0C91BC942}") = "ext_convertUTF", "engine\external\ConvertUTF\ext_convertUTF.vcxproj", "{BBFD2854-2FA4-39C6-8719-19EECFF0B00D}"
	ProjectSection(ProjectDependencies) = postProject
		{48891C74-FB6E-3E49-B71F-6C32C825D61C} = {48891C74-FB6E-3E49-B71F-6C32C825D61C}
	EndProjectSection
EndProject
Project("{8BC9CEB8-8B4A-11D0-8D11-00A0C91BC942}") = "ext_edtaa3func", "engine\external\edtaa3func\ext_edtaa3func.vcxproj", "{18A896FC-2EFF-3E54-85DC-889FE81EBC2B}"
	ProjectSection(ProjectDependencies) = postProject
		{48891C74-FB6E-3E49-B71F-6C32C825D61C} = {48891C74-FB6E-3E49-B71F-6C32C825D61C}
	EndProjectSection
EndProject
Project("{8BC9CEB8-8B4A-11D0-8D11-00A0C91BC942}") = "ext_md5", "engine\external\md5\ext_md5.vcxproj", "{980D65C7-3FF9-3E3B-978E-6EBC7B3253D1}"
	ProjectSection(ProjectDependencies) = postProject
		{48891C74-FB6E-3E49-B71F-6C32C825D61C} = {48891C74-FB6E-3E49-B71F-6C32C825D61C}
	EndProjectSection
EndProject
Project("{8BC9CEB8-8B4A-11D0-8D11-00A0C91BC942}") = "ext_poly2tri", "engine\external\poly2tri\ext_poly2tri.vcxproj", "{0415F4B8-A280-3EF5-A55A-DBC5636F1C2A}"
	ProjectSection(ProjectDependencies) = postProject
		{48891C74-FB6E-3E49-B71F-6C32C825D61C} = {48891C74-FB6E-3E49-B71F-6C32C825D61C}
	EndProjectSection
EndProject
Project("{8BC9CEB8-8B4A-11D0-8D11-00A0C91BC942}") = "ext_recast", "engine\external\recast\ext_recast.vcxproj", "{927900E7-390F-3B54-A3A4-3A62F012122B}"
	ProjectSection(ProjectDependencies) = postProject
		{48891C74-FB6E-3E49-B71F-6C32C825D61C} = {48891C74-FB6E-3E49-B71F-6C32C825D61C}
	EndProjectSection
EndProject
Project("{8BC9CEB8-8B4A-11D0-8D11-00A0C91BC942}") = "ext_tinyxml2", "engine\external\tinyxml2\ext_tinyxml2.vcxproj", "{8D943E87-3285-38D1-9405-8D13B202D103}"
	ProjectSection(ProjectDependencies) = postProject
		{48891C74-FB6E-3E49-B71F-6C32C825D61C} = {48891C74-FB6E-3E49-B71F-6C32C825D61C}
	EndProjectSection
EndProject
Project("{8BC9CEB8-8B4A-11D0-8D11-00A0C91BC942}") = "ext_unzip", "engine\external\unzip\ext_unzip.vcxproj", "{14AEFB44-A062-3076-A2A7-C74965C901DC}"
	ProjectSection(ProjectDependencies) = postProject
		{48891C74-FB6E-3E49-B71F-6C32C825D61C} = {48891C74-FB6E-3E49-B71F-6C32C825D61C}
	EndProjectSection
EndProject
Project("{8BC9CEB8-8B4A-11D0-8D11-00A0C91BC942}") = "ext_xxhash", "engine\external\xxhash\ext_xxhash.vcxproj", "{CAD1EBC9-4971-38A5-91E8-B7ACA4A4F281}"
	ProjectSection(ProjectDependencies) = postProject
		{48891C74-FB6E-3E49-B71F-6C32C825D61C} = {48891C74-FB6E-3E49-B71F-6C32C825D61C}
	EndProjectSection
EndProject
Project("{8BC9CEB8-8B4A-11D0-8D11-00A0C91BC942}") = "ext_xxtea", "engine\external\xxtea\ext_xxtea.vcxproj", "{FABF8DFF-C17F-3927-A538-6ECA7F0E39CD}"
	ProjectSection(ProjectDependencies) = postProject
		{48891C74-FB6E-3E49-B71F-6C32C825D61C} = {48891C74-FB6E-3E49-B71F-6C32C825D61C}
	EndProjectSection
EndProject
Project("{8BC9CEB8-8B4A-11D0-8D11-00A0C91BC942}") = "external", "engine\external\external.vcxproj", "{522A5EFB-CE58-3350-AA68-8DEE20BF83F4}"
	ProjectSection(ProjectDependencies) = postProject
		{48891C74-FB6E-3E49-B71F-6C32C825D61C} = {48891C74-FB6E-3E49-B71F-6C32C825D61C}
		{A9DEF6F0-AD9F-3348-8A0C-84E8F3410D11} = {A9DEF6F0-AD9F-3348-8A0C-84E8F3410D11}
		{BBFD2854-2FA4-39C6-8719-19EECFF0B00D} = {BBFD2854-2FA4-39C6-8719-19EECFF0B00D}
		{18A896FC-2EFF-3E54-85DC-889FE81EBC2B} = {18A896FC-2EFF-3E54-85DC-889FE81EBC2B}
		{980D65C7-3FF9-3E3B-978E-6EBC7B3253D1} = {980D65C7-3FF9-3E3B-978E-6EBC7B3253D1}
		{0415F4B8-A280-3EF5-A55A-DBC5636F1C2A} = {0415F4B8-A280-3EF5-A55A-DBC5636F1C2A}
		{927900E7-390F-3B54-A3A4-3A62F012122B} = {927900E7-390F-3B54-A3A4-3A62F012122B}
		{8D943E87-3285-38D1-9405-8D13B202D103} = {8D943E87-3285-38D1-9405-8D13B202D103}
		{14AEFB44-A062-3076-A2A7-C74965C901DC} = {14AEFB44-A062-3076-A2A7-C74965C901DC}
		{CAD1EBC9-4971-38A5-91E8-B7ACA4A4F281} = {CAD1EBC9-4971-38A5-91E8-B7ACA4A4F281}
		{FABF8DFF-C17F-3927-A538-6ECA7F0E39CD} = {FABF8DFF-C17F-3927-A538-6ECA7F0E39CD}
	EndProjectSection
EndProject
Global
	GlobalSection(SolutionConfigurationPlatforms) = preSolution
		Debug|Win32 = Debug|Win32
		MinSizeRel|Win32 = MinSizeRel|Win32
		Release|Win32 = Release|Win32
		RelWithDebInfo|Win32 = RelWithDebInfo|Win32
	EndGlobalSection
	GlobalSection(ProjectConfigurationPlatforms) = postSolution
		{89136421-85A4-3DD1-84FD-B6C8FED44CC8}.Debug|Win32.ActiveCfg = Debug|Win32
		{89136421-85A4-3DD1-84FD-B6C8FED44CC8}.Debug|Win32.Build.0 = Debug|Win32
		{89136421-85A4-3DD1-84FD-B6C8FED44CC8}.MinSizeRel|Win32.ActiveCfg = MinSizeRel|Win32
		{89136421-85A4-3DD1-84FD-B6C8FED44CC8}.MinSizeRel|Win32.Build.0 = MinSizeRel|Win32
		{89136421-85A4-3DD1-84FD-B6C8FED44CC8}.Release|Win32.ActiveCfg = Release|Win32
		{89136421-85A4-3DD1-84FD-B6C8FED44CC8}.Release|Win32.Build.0 = Release|Win32
		{89136421-85A4-3DD1-84FD-B6C8FED44CC8}.RelWithDebInfo|Win32.ActiveCfg = RelWithDebInfo|Win32
		{89136421-85A4-3DD1-84FD-B6C8FED44CC8}.RelWithDebInfo|Win32.Build.0 = RelWithDebInfo|Win32
		{01A5D496-F5DE-35A5-A86E-519677623DA7}.Debug|Win32.ActiveCfg = Debug|Win32
		{01A5D496-F5DE-35A5-A86E-519677623DA7}.Debug|Win32.Build.0 = Debug|Win32
		{01A5D496-F5DE-35A5-A86E-519677623DA7}.MinSizeRel|Win32.ActiveCfg = MinSizeRel|Win32
		{01A5D496-F5DE-35A5-A86E-519677623DA7}.MinSizeRel|Win32.Build.0 = MinSizeRel|Win32
		{01A5D496-F5DE-35A5-A86E-519677623DA7}.Release|Win32.ActiveCfg = Release|Win32
		{01A5D496-F5DE-35A5-A86E-519677623DA7}.Release|Win32.Build.0 = Release|Win32
		{01A5D496-F5DE-35A5-A86E-519677623DA7}.RelWithDebInfo|Win32.ActiveCfg = RelWithDebInfo|Win32
		{01A5D496-F5DE-35A5-A86E-519677623DA7}.RelWithDebInfo|Win32.Build.0 = RelWithDebInfo|Win32
		{48891C74-FB6E-3E49-B71F-6C32C825D61C}.Debug|Win32.ActiveCfg = Debug|Win32
		{48891C74-FB6E-3E49-B71F-6C32C825D61C}.Debug|Win32.Build.0 = Debug|Win32
		{48891C74-FB6E-3E49-B71F-6C32C825D61C}.MinSizeRel|Win32.ActiveCfg = MinSizeRel|Win32
		{48891C74-FB6E-3E49-B71F-6C32C825D61C}.MinSizeRel|Win32.Build.0 = MinSizeRel|Win32
		{48891C74-FB6E-3E49-B71F-6C32C825D61C}.Release|Win32.ActiveCfg = Release|Win32
		{48891C74-FB6E-3E49-B71F-6C32C825D61C}.Release|Win32.Build.0 = Release|Win32
		{48891C74-FB6E-3E49-B71F-6C32C825D61C}.RelWithDebInfo|Win32.ActiveCfg = RelWithDebInfo|Win32
		{48891C74-FB6E-3E49-B71F-6C32C825D61C}.RelWithDebInfo|Win32.Build.0 = RelWithDebInfo|Win32
		{F61C97DF-852A-30C2-A7A5-5DA97FD958AC}.Debug|Win32.ActiveCfg = Debug|Win32
		{F61C97DF-852A-30C2-A7A5-5DA97FD958AC}.Debug|Win32.Build.0 = Debug|Win32
		{F61C97DF-852A-30C2-A7A5-5DA97FD958AC}.MinSizeRel|Win32.ActiveCfg = MinSizeRel|Win32
		{F61C97DF-852A-30C2-A7A5-5DA97FD958AC}.MinSizeRel|Win32.Build.0 = MinSizeRel|Win32
		{F61C97DF-852A-30C2-A7A5-5DA97FD958AC}.Release|Win32.ActiveCfg = Release|Win32
		{F61C97DF-852A-30C2-A7A5-5DA97FD958AC}.Release|Win32.Build.0 = Release|Win32
		{F61C97DF-852A-30C2-A7A5-5DA97FD958AC}.RelWithDebInfo|Win32.ActiveCfg = RelWithDebInfo|Win32
		{F61C97DF-852A-30C2-A7A5-5DA97FD958AC}.RelWithDebInfo|Win32.Build.0 = RelWithDebInfo|Win32
		{A9DEF6F0-AD9F-3348-8A0C-84E8F3410D11}.Debug|Win32.ActiveCfg = Debug|Win32
		{A9DEF6F0-AD9F-3348-8A0C-84E8F3410D11}.Debug|Win32.Build.0 = Debug|Win32
		{A9DEF6F0-AD9F-3348-8A0C-84E8F3410D11}.MinSizeRel|Win32.ActiveCfg = MinSizeRel|Win32
		{A9DEF6F0-AD9F-3348-8A0C-84E8F3410D11}.MinSizeRel|Win32.Build.0 = MinSizeRel|Win32
		{A9DEF6F0-AD9F-3348-8A0C-84E8F3410D11}.Release|Win32.ActiveCfg = Release|Win32
		{A9DEF6F0-AD9F-3348-8A0C-84E8F3410D11}.Release|Win32.Build.0 = Release|Win32
		{A9DEF6F0-AD9F-3348-8A0C-84E8F3410D11}.RelWithDebInfo|Win32.ActiveCfg = RelWithDebInfo|Win32
		{A9DEF6F0-AD9F-3348-8A0C-84E8F3410D11}.RelWithDebInfo|Win32.Build.0 = RelWithDebInfo|Win32
		{BBFD2854-2FA4-39C6-8719-19EECFF0B00D}.Debug|Win32.ActiveCfg = Debug|Win32
		{BBFD2854-2FA4-39C6-8719-19EECFF0B00D}.Debug|Win32.Build.0 = Debug|Win32
		{BBFD2854-2FA4-39C6-8719-19EECFF0B00D}.MinSizeRel|Win32.ActiveCfg = MinSizeRel|Win32
		{BBFD2854-2FA4-39C6-8719-19EECFF0B00D}.MinSizeRel|Win32.Build.0 = MinSizeRel|Win32
		{BBFD2854-2FA4-39C6-8719-19EECFF0B00D}.Release|Win32.ActiveCfg = Release|Win32
		{BBFD2854-2FA4-39C6-8719-19EECFF0B00D}.Release|Win32.Build.0 = Release|Win32
		{BBFD2854-2FA4-39C6-8719-19EECFF0B00D}.RelWithDebInfo|Win32.ActiveCfg = RelWithDebInfo|Win32
		{BBFD2854-2FA4-39C6-8719-19EECFF0B00D}.RelWithDebInfo|Win32.Build.0 = RelWithDebInfo|Win32
		{18A896FC-2EFF-3E54-85DC-889FE81EBC2B}.Debug|Win32.ActiveCfg = Debug|Win32
		{18A896FC-2EFF-3E54-85DC-889FE81EBC2B}.Debug|Win32.Build.0 = Debug|Win32
		{18A896FC-2EFF-3E54-85DC-889FE81EBC2B}.MinSizeRel|Win32.ActiveCfg = MinSizeRel|Win32
		{18A896FC-2EFF-3E54-85DC-889FE81EBC2B}.MinSizeRel|Win32.Build.0 = MinSizeRel|Win32
		{18A896FC-2EFF-3E54-85DC-889FE81EBC2B}.Release|Win32.ActiveCfg = Release|Win32
		{18A896FC-2EFF-3E54-85DC-889FE81EBC2B}.Release|Win32.Build.0 = Release|Win32
		{18A896FC-2EFF-3E54-85DC-889FE81EBC2B}.RelWithDebInfo|Win32.ActiveCfg = RelWithDebInfo|Win32
		{18A896FC-2EFF-3E54-85DC-889FE81EBC2B}.RelWithDebInfo|Win32.Build.0 = RelWithDebInfo|Win32
		{980D65C7-3FF9-3E3B-978E-6EBC7B3253D1}.Debug|Win32.ActiveCfg = Debug|Win32
		{980D65C7-3FF9-3E3B-978E-6EBC7B3253D1}.Debug|Win32.Build.0 = Debug|Win32
		{980D65C7-3FF9-3E3B-978E-6EBC7B3253D1}.MinSizeRel|Win32.ActiveCfg = MinSizeRel|Win32
		{980D65C7-3FF9-3E3B-978E-6EBC7B3253D1}.MinSizeRel|Win32.Build.0 = MinSizeRel|Win32
		{980D65C7-3FF9-3E3B-978E-6EBC7B3253D1}.Release|Win32.ActiveCfg = Release|Win32
		{980D65C7-3FF9-3E3B-978E-6EBC7B3253D1}.Release|Win32.Build.0 = Release|Win32
		{980D65C7-3FF9-3E3B-978E-6EBC7B3253D1}.RelWithDebInfo|Win32.ActiveCfg = RelWithDebInfo|Win32
		{980D65C7-3FF9-3E3B-978E-6EBC7B3253D1}.RelWithDebInfo|Win32.Build.0 = RelWithDebInfo|Win32
		{0415F4B8-A280-3EF5-A55A-DBC5636F1C2A}.Debug|Win32.ActiveCfg = Debug|Win32
		{0415F4B8-A280-3EF5-A55A-DBC5636F1C2A}.Debug|Win32.Build.0 = Debug|Win32
		{0415F4B8-A280-3EF5-A55A-DBC5636F1C2A}.MinSizeRel|Win32.ActiveCfg = MinSizeRel|Win32
		{0415F4B8-A280-3EF5-A55A-DBC5636F1C2A}.MinSizeRel|Win32.Build.0 = MinSizeRel|Win32
		{0415F4B8-A280-3EF5-A55A-DBC5636F1C2A}.Release|Win32.ActiveCfg = Release|Win32
		{0415F4B8-A280-3EF5-A55A-DBC5636F1C2A}.Release|Win32.Build.0 = Release|Win32
		{0415F4B8-A280-3EF5-A55A-DBC5636F1C2A}.RelWithDebInfo|Win32.ActiveCfg = RelWithDebInfo|Win32
		{0415F4B8-A280-3EF5-A55A-DBC5636F1C2A}.RelWithDebInfo|Win32.Build.0 = RelWithDebInfo|Win32
		{927900E7-390F-3B54-A3A4-3A62F012122B}.Debug|Win32.ActiveCfg = Debug|Win32
		{927900E7-390F-3B54-A3A4-3A62F012122B}.Debug|Win32.Build.0 = Debug|Win32
		{927900E7-390F-3B54-A3A4-3A62F012122B}.MinSizeRel|Win32.ActiveCfg = MinSizeRel|Win32
		{927900E7-390F-3B54-A3A4-3A62F012122B}.MinSizeRel|Win32.Build.0 = MinSizeRel|Win32
		{927900E7-390F-3B54-A3A4-3A62F012122B}.Release|Win32.ActiveCfg = Release|Win32
		{927900E7-390F-3B54-A3A4-3A62F012122B}.Release|Win32.Build.0 = Release|Win32
		{927900E7-390F-3B54-A3A4-3A62F012122B}.RelWithDebInfo|Win32.ActiveCfg = RelWithDebInfo|Win32
		{927900E7-390F-3B54-A3A4-3A62F012122B}.RelWithDebInfo|Win32.Build.0 = RelWithDebInfo|Win32
		{8D943E87-3285-38D1-9405-8D13B202D103}.Debug|Win32.ActiveCfg = Debug|Win32
		{8D943E87-3285-38D1-9405-8D13B202D103}.Debug|Win32.Build.0 = Debug|Win32
		{8D943E87-3285-38D1-9405-8D13B202D103}.MinSizeRel|Win32.ActiveCfg = MinSizeRel|Win32
		{8D943E87-3285-38D1-9405-8D13B202D103}.MinSizeRel|Win32.Build.0 = MinSizeRel|Win32
		{8D943E87-3285-38D1-9405-8D13B202D103}.Release|Win32.ActiveCfg = Release|Win32
		{8D943E87-3285-38D1-9405-8D13B202D103}.Release|Win32.Build.0 = Release|Win32
		{8D943E87-3285-38D1-9405-8D13B202D103}.RelWithDebInfo|Win32.ActiveCfg = RelWithDebInfo|Win32
		{8D943E87-3285-38D1-9405-8D13B202D103}.RelWithDebInfo|Win32.Build.0 = RelWithDebInfo|Win32
		{14AEFB44-A062-3076-A2A7-C74965C901DC}.Debug|Win32.ActiveCfg = Debug|Win32
		{14AEFB44-A062-3076-A2A7-C74965C901DC}.Debug|Win32.Build.0 = Debug|Win32
		{14AEFB44-A062-3076-A2A7-C74965C901DC}.MinSizeRel|Win32.ActiveCfg = MinSizeRel|Win32
		{14AEFB44-A062-3076-A2A7-C74965C901DC}.MinSizeRel|Win32.Build.0 = MinSizeRel|Win32
		{14AEFB44-A062-3076-A2A7-C74965C901DC}.Release|Win32.ActiveCfg = Release|Win32
		{14AEFB44-A062-3076-A2A7-C74965C901DC}.Release|Win32.Build.0 = Release|Win32
		{14AEFB44-A062-3076-A2A7-C74965C901DC}.RelWithDebInfo|Win32.ActiveCfg = RelWithDebInfo|Win32
		{14AEFB44-A062-3076-A2A7-C74965C901DC}.RelWithDebInfo|Win32.Build.0 = RelWithDebInfo|Win32
		{CAD1EBC9-4971-38A5-91E8-B7ACA4A4F281}.Debug|Win32.ActiveCfg = Debug|Win32
		{CAD1EBC9-4971-38A5-91E8-B7ACA4A4F281}.Debug|Win32.Build.0 = Debug|Win32
		{CAD1EBC9-4971-38A5-91E8-B7ACA4A4F281}.MinSizeRel|Win32.ActiveCfg = MinSizeRel|Win32
		{CAD1EBC9-4971-38A5-91E8-B7ACA4A4F281}.MinSizeRel|Win32.Build.0 = MinSizeRel|Win32
		{CAD1EBC9-4971-38A5-91E8-B7ACA4A4F281}.Release|Win32.ActiveCfg = Release|Win32
		{CAD1EBC9-4971-38A5-91E8-B7ACA4A4F281}.Release|Win32.Build.0 = Release|Win32
		{CAD1EBC9-4971-38A5-91E8-B7ACA4A4F281}.RelWithDebInfo|Win32.ActiveCfg = RelWithDebInfo|Win32
		{CAD1EBC9-4971-38A5-91E8-B7ACA4A4F281}.RelWithDebInfo|Win32.Build.0 = RelWithDebInfo|Win32
		{FABF8DFF-C17F-3927-A538-6ECA7F0E39CD}.Debug|Win32.ActiveCfg = Debug|Win32
		{FABF8DFF-C17F-3927-A538-6ECA7F0E39CD}.Debug|Win32.Build.0 = Debug|Win32
		{FABF8DFF-C17F-3927-A538-6ECA7F0E39CD}.MinSizeRel|Win32.ActiveCfg = MinSizeRel|Win32
		{FABF8DFF-C17F-3927-A538-6ECA7F0E39CD}.MinSizeRel|Win32.Build.0 = MinSizeRel|Win32
		{FABF8DFF-C17F-3927-A538-6ECA7F0E39CD}.Release|Win32.ActiveCfg = Release|Win32
		{FABF8DFF-C17F-3927-A538-6ECA7F0E39CD}.Release|Win32.Build.0 = Release|Win32
		{FABF8DFF-C17F-3927-A538-6ECA7F0E39CD}.RelWithDebInfo|Win32.ActiveCfg = RelWithDebInfo|Win32
		{FABF8DFF-C17F-3927-A538-6ECA7F0E39CD}.RelWithDebInfo|Win32.Build.0 = RelWithDebInfo|Win32
		{522A5EFB-CE58-3350-AA68-8DEE20BF83F4}.Debug|Win32.ActiveCfg = Debug|Win32
		{522A5EFB-CE58-3350-AA68-8DEE20BF83F4}.Debug|Win32.Build.0 = Debug|Win32
		{522A5EFB-CE58-3350-AA68-8DEE20BF83F4}.MinSizeRel|Win32.ActiveCfg = MinSizeRel|Win32
		{522A5EFB-CE58-3350-AA68-8DEE20BF83F4}.MinSizeRel|Win32.Build.0 = MinSizeRel|Win32
		{522A5EFB-CE58-3350-AA68-8DEE20BF83F4}.Release|Win32.ActiveCfg = Release|Win32
		{522A5EFB-CE58-3350-AA68-8DEE20BF83F4}.Release|Win32.Build.0 = Release|Win32
		{522A5EFB-CE58-3350-AA68-8DEE20BF83F4}.RelWithDebInfo|Win32.ActiveCfg = RelWithDebInfo|Win32
		{522A5EFB-CE58-3350-AA68-8DEE20BF83F4}.RelWithDebInfo|Win32.Build.0 = RelWithDebInfo|Win32
	EndGlobalSection
	GlobalSection(SolutionProperties) = preSolution
		HideSolutionNode = FALSE
	EndGlobalSection
	GlobalSection(NestedProjects) = preSolution
		{01A5D496-F5DE-35A5-A86E-519677623DA7} = {D4286872-A4C6-3975-965F-18954C5EED5B}
		{48891C74-FB6E-3E49-B71F-6C32C825D61C} = {A62B2B22-3BD3-3FDD-B196-B8E790D0DAA2}
		{F61C97DF-852A-30C2-A7A5-5DA97FD958AC} = {3D24E0A2-7237-37BC-8367-D885AA5478BF}
		{A9DEF6F0-AD9F-3348-8A0C-84E8F3410D11} = {D9F03B0B-8FCD-3EB8-A05C-091A9147BFF2}
		{BBFD2854-2FA4-39C6-8719-19EECFF0B00D} = {D9F03B0B-8FCD-3EB8-A05C-091A9147BFF2}
		{18A896FC-2EFF-3E54-85DC-889FE81EBC2B} = {D9F03B0B-8FCD-3EB8-A05C-091A9147BFF2}
		{980D65C7-3FF9-3E3B-978E-6EBC7B3253D1} = {D9F03B0B-8FCD-3EB8-A05C-091A9147BFF2}
		{0415F4B8-A280-3EF5-A55A-DBC5636F1C2A} = {D9F03B0B-8FCD-3EB8-A05C-091A9147BFF2}
		{927900E7-390F-3B54-A3A4-3A62F012122B} = {D9F03B0B-8FCD-3EB8-A05C-091A9147BFF2}
		{8D943E87-3285-38D1-9405-8D13B202D103} = {D9F03B0B-8FCD-3EB8-A05C-091A9147BFF2}
		{14AEFB44-A062-3076-A2A7-C74965C901DC} = {D9F03B0B-8FCD-3EB8-A05C-091A9147BFF2}
		{CAD1EBC9-4971-38A5-91E8-B7ACA4A4F281} = {D9F03B0B-8FCD-3EB8-A05C-091A9147BFF2}
		{FABF8DFF-C17F-3927-A538-6ECA7F0E39CD} = {D9F03B0B-8FCD-3EB8-A05C-091A9147BFF2}
		{522A5EFB-CE58-3350-AA68-8DEE20BF83F4} = {D9F03B0B-8FCD-3EB8-A05C-091A9147BFF2}
	EndGlobalSection
	GlobalSection(ExtensibilityGlobals) = postSolution
		SolutionGuid = {04CD6D81-101F-310F-BF24-3DEB2B717074}
	EndGlobalSection
EndGlobal
