<?xml version="1.0" encoding="utf-8"?>
<Project ToolsVersion="17.0" xmlns="http://schemas.microsoft.com/developer/msbuild/2003">
  <ItemGroup>
    <CustomBuild Include="D:\CodeProjects\TTGame\MyCppGame\proj.win32\CMakeFiles\5e68883d77f1ea09651f3f1f6a53209f\SYNC_RESOURCE-MyCppGame.rule">
      <Filter>CMake Rules</Filter>
    </CustomBuild>
    <CustomBuild Include="D:\CodeProjects\TTGame\MyCppGame\CMakeLists.txt" />
  </ItemGroup>
  <ItemGroup>
    <None Include="D:\CodeProjects\TTGame\MyCppGame\proj.win32\CMakeFiles\SYNC_RESOURCE-MyCppGame" />
  </ItemGroup>
  <ItemGroup>
    <Filter Include="CMake Rules">
      <UniqueIdentifier>{7A664B64-E4F9-3FF1-9691-F5A5996208FA}</UniqueIdentifier>
    </Filter>
  </ItemGroup>
</Project>
